
Microsoft Visual Studio Solution File, Format Version 12.00
# Visual Studio Express 2012 for Windows Desktop
Project("{FAE04EC0-301F-11D3-BF4B-00C04F79EFBC}") = "htmlgen", "htmlgen\htmlgen.csproj", "{D035770F-86D1-49E9-B228-D908F621110A}"
EndProject
Global
	GlobalSection(SolutionConfigurationPlatforms) = preSolution
		Debug|Any CPU = Debug|Any CPU
		Release|Any CPU = Release|Any CPU
	EndGlobalSection
	GlobalSection(ProjectConfigurationPlatforms) = postSolution
		{D035770F-86D1-49E9-B228-D908F621110A}.Debug|Any CPU.ActiveCfg = Debug|Any CPU
		{D035770F-86D1-49E9-B228-D908F621110A}.Debug|Any CPU.Build.0 = Debug|Any CPU
		{D035770F-86D1-49E9-B228-D908F621110A}.Release|Any CPU.ActiveCfg = Release|Any CPU
		{D035770F-86D1-49E9-B228-D908F621110A}.Release|Any CPU.Build.0 = Release|Any CPU
	EndGlobalSection
	GlobalSection(SolutionProperties) = preSolution
		HideSolutionNode = FALSE
	EndGlobalSection
EndGlobal
